// !$*UTF8*$!
{
	archiveVersion = 1;
	classes = {
	};
	objectVersion = 50;
	objects = {

/* Begin PBXBuildFile section */
		E5112A4324549FD900F578A5 /* RegisterView.swift in Sources */ = {isa = PBXBuildFile; fileRef = E5112A4224549FD900F578A5 /* RegisterView.swift */; };
		E54228B1245318990018492E /* AppDelegate.swift in Sources */ = {isa = PBXBuildFile; fileRef = E54228B0245318990018492E /* AppDelegate.swift */; };
		E54228B3245318990018492E /* SceneDelegate.swift in Sources */ = {isa = PBXBuildFile; fileRef = E54228B2245318990018492E /* SceneDelegate.swift */; };
		E54228B5245318990018492E /* SplashViewController.swift in Sources */ = {isa = PBXBuildFile; fileRef = E54228B4245318990018492E /* SplashViewController.swift */; };
		E54228BA2453189E0018492E /* Assets.xcassets in Resources */ = {isa = PBXBuildFile; fileRef = E54228B92453189E0018492E /* Assets.xcassets */; };
		E54228C52453370D0018492E /* MyBookSearchViewController.swift in Sources */ = {isa = PBXBuildFile; fileRef = E54228C42453370D0018492E /* MyBookSearchViewController.swift */; };
		E54228C724542C710018492E /* MainTabBarViewController.swift in Sources */ = {isa = PBXBuildFile; fileRef = E54228C624542C710018492E /* MainTabBarViewController.swift */; };
		E54228C924542DC50018492E /* WishListSearchViewController.swift in Sources */ = {isa = PBXBuildFile; fileRef = E54228C824542DC50018492E /* WishListSearchViewController.swift */; };
		E54228D524544D350018492E /* MyBook.swift in Sources */ = {isa = PBXBuildFile; fileRef = E54228D424544D350018492E /* MyBook.swift */; };
		E54228D6245459E60018492E /* Realm.framework in Frameworks */ = {isa = PBXBuildFile; fileRef = E54228CC24544C840018492E /* Realm.framework */; };
		E54228D7245459E60018492E /* Realm.framework in Embed Frameworks */ = {isa = PBXBuildFile; fileRef = E54228CC24544C840018492E /* Realm.framework */; settings = {ATTRIBUTES = (CodeSignOnCopy, RemoveHeadersOnCopy, ); }; };
		E54228D9245459F60018492E /* RealmSwift.framework in Frameworks */ = {isa = PBXBuildFile; fileRef = E54228D024544C980018492E /* RealmSwift.framework */; };
		E54228DA245459F60018492E /* RealmSwift.framework in Embed Frameworks */ = {isa = PBXBuildFile; fileRef = E54228D024544C980018492E /* RealmSwift.framework */; settings = {ATTRIBUTES = (CodeSignOnCopy, RemoveHeadersOnCopy, ); }; };
		E54228DD2454997E0018492E /* MyBookRegisterViewController.swift in Sources */ = {isa = PBXBuildFile; fileRef = E54228DC2454997E0018492E /* MyBookRegisterViewController.swift */; };
		E54CB2332455CA5200A392F8 /* AlertUtil.swift in Sources */ = {isa = PBXBuildFile; fileRef = E54CB2322455CA5200A392F8 /* AlertUtil.swift */; };
		E54CB2352455D56500A392F8 /* Localizable.strings in Resources */ = {isa = PBXBuildFile; fileRef = E54CB2342455D56500A392F8 /* Localizable.strings */; };
/* End PBXBuildFile section */

/* Begin PBXCopyFilesBuildPhase section */
		E54228D8245459E60018492E /* Embed Frameworks */ = {
			isa = PBXCopyFilesBuildPhase;
			buildActionMask = 2147483647;
			dstPath = "";
			dstSubfolderSpec = 10;
			files = (
				E54228DA245459F60018492E /* RealmSwift.framework in Embed Frameworks */,
				E54228D7245459E60018492E /* Realm.framework in Embed Frameworks */,
			);
			name = "Embed Frameworks";
			runOnlyForDeploymentPostprocessing = 0;
		};
/* End PBXCopyFilesBuildPhase section */

/* Begin PBXFileReference section */
		E5112A4224549FD900F578A5 /* RegisterView.swift */ = {isa = PBXFileReference; lastKnownFileType = sourcecode.swift; path = RegisterView.swift; sourceTree = "<group>"; };
		E54228AD245318990018492E /* myBookShelf.app */ = {isa = PBXFileReference; explicitFileType = wrapper.application; includeInIndex = 0; path = myBookShelf.app; sourceTree = BUILT_PRODUCTS_DIR; };
		E54228B0245318990018492E /* AppDelegate.swift */ = {isa = PBXFileReference; lastKnownFileType = sourcecode.swift; path = AppDelegate.swift; sourceTree = "<group>"; };
		E54228B2245318990018492E /* SceneDelegate.swift */ = {isa = PBXFileReference; lastKnownFileType = sourcecode.swift; path = SceneDelegate.swift; sourceTree = "<group>"; };
		E54228B4245318990018492E /* SplashViewController.swift */ = {isa = PBXFileReference; lastKnownFileType = sourcecode.swift; path = SplashViewController.swift; sourceTree = "<group>"; };
		E54228B92453189E0018492E /* Assets.xcassets */ = {isa = PBXFileReference; lastKnownFileType = folder.assetcatalog; path = Assets.xcassets; sourceTree = "<group>"; };
		E54228BE2453189E0018492E /* Info.plist */ = {isa = PBXFileReference; lastKnownFileType = text.plist.xml; path = Info.plist; sourceTree = "<group>"; };
		E54228C42453370D0018492E /* MyBookSearchViewController.swift */ = {isa = PBXFileReference; lastKnownFileType = sourcecode.swift; path = MyBookSearchViewController.swift; sourceTree = "<group>"; };
		E54228C624542C710018492E /* MainTabBarViewController.swift */ = {isa = PBXFileReference; lastKnownFileType = sourcecode.swift; path = MainTabBarViewController.swift; sourceTree = "<group>"; };
		E54228C824542DC50018492E /* WishListSearchViewController.swift */ = {isa = PBXFileReference; lastKnownFileType = sourcecode.swift; path = WishListSearchViewController.swift; sourceTree = "<group>"; };
		E54228CC24544C840018492E /* Realm.framework */ = {isa = PBXFileReference; lastKnownFileType = wrapper.framework; name = Realm.framework; path = Carthage/Build/iOS/Realm.framework; sourceTree = "<group>"; };
		E54228D024544C980018492E /* RealmSwift.framework */ = {isa = PBXFileReference; lastKnownFileType = wrapper.framework; name = RealmSwift.framework; path = Carthage/Build/iOS/RealmSwift.framework; sourceTree = "<group>"; };
		E54228D424544D350018492E /* MyBook.swift */ = {isa = PBXFileReference; lastKnownFileType = sourcecode.swift; path = MyBook.swift; sourceTree = "<group>"; };
		E54228DC2454997E0018492E /* MyBookRegisterViewController.swift */ = {isa = PBXFileReference; lastKnownFileType = sourcecode.swift; path = MyBookRegisterViewController.swift; sourceTree = "<group>"; };
		E54CB2322455CA5200A392F8 /* AlertUtil.swift */ = {isa = PBXFileReference; lastKnownFileType = sourcecode.swift; path = AlertUtil.swift; sourceTree = "<group>"; };
		E54CB2342455D56500A392F8 /* Localizable.strings */ = {isa = PBXFileReference; lastKnownFileType = text.plist.strings; path = Localizable.strings; sourceTree = "<group>"; };
/* End PBXFileReference section */

/* Begin PBXFrameworksBuildPhase section */
		E54228AA245318990018492E /* Frameworks */ = {
			isa = PBXFrameworksBuildPhase;
			buildActionMask = 2147483647;
			files = (
				E54228D9245459F60018492E /* RealmSwift.framework in Frameworks */,
				E54228D6245459E60018492E /* Realm.framework in Frameworks */,
			);
			runOnlyForDeploymentPostprocessing = 0;
		};
/* End PBXFrameworksBuildPhase section */

/* Begin PBXGroup section */
		E5112A4124549FAF00F578A5 /* View */ = {
			isa = PBXGroup;
			children = (
				E5112A4224549FD900F578A5 /* RegisterView.swift */,
			);
			path = View;
			sourceTree = "<group>";
		};
		E54228A4245318990018492E = {
			isa = PBXGroup;
			children = (
				E54228AF245318990018492E /* myBookShelf */,
				E54228AE245318990018492E /* Products */,
				E54228CB24544C840018492E /* Frameworks */,
			);
			sourceTree = "<group>";
		};
		E54228AE245318990018492E /* Products */ = {
			isa = PBXGroup;
			children = (
				E54228AD245318990018492E /* myBookShelf.app */,
			);
			name = Products;
			sourceTree = "<group>";
		};
		E54228AF245318990018492E /* myBookShelf */ = {
			isa = PBXGroup;
			children = (
				E54CB2312455CA3600A392F8 /* Util */,
				E54228B0245318990018492E /* AppDelegate.swift */,
				E54228B2245318990018492E /* SceneDelegate.swift */,
				E54228C624542C710018492E /* MainTabBarViewController.swift */,
				E5112A4124549FAF00F578A5 /* View */,
				E54228DB2454950A0018492E /* VC */,
				E54228D324544D0E0018492E /* Realm */,
				E54228B92453189E0018492E /* Assets.xcassets */,
				E54228BE2453189E0018492E /* Info.plist */,
				E54CB2342455D56500A392F8 /* Localizable.strings */,
			);
			path = myBookShelf;
			sourceTree = "<group>";
		};
		E54228CB24544C840018492E /* Frameworks */ = {
			isa = PBXGroup;
			children = (
				E54228D024544C980018492E /* RealmSwift.framework */,
				E54228CC24544C840018492E /* Realm.framework */,
			);
			name = Frameworks;
			sourceTree = "<group>";
		};
		E54228D324544D0E0018492E /* Realm */ = {
			isa = PBXGroup;
			children = (
				E54228D424544D350018492E /* MyBook.swift */,
			);
			path = Realm;
			sourceTree = "<group>";
		};
		E54228DB2454950A0018492E /* VC */ = {
			isa = PBXGroup;
			children = (
				E54228B4245318990018492E /* SplashViewController.swift */,
				E54228C42453370D0018492E /* MyBookSearchViewController.swift */,
				E54228DC2454997E0018492E /* MyBookRegisterViewController.swift */,
				E54228C824542DC50018492E /* WishListSearchViewController.swift */,
			);
			path = VC;
			sourceTree = "<group>";
		};
		E54CB2312455CA3600A392F8 /* Util */ = {
			isa = PBXGroup;
			children = (
				E54CB2322455CA5200A392F8 /* AlertUtil.swift */,
			);
			path = Util;
			sourceTree = "<group>";
		};
/* End PBXGroup section */

/* Begin PBXNativeTarget section */
		E54228AC245318990018492E /* myBookShelf */ = {
			isa = PBXNativeTarget;
			buildConfigurationList = E54228C12453189E0018492E /* Build configuration list for PBXNativeTarget "myBookShelf" */;
			buildPhases = (
				E54228A9245318990018492E /* Sources */,
				E54228AA245318990018492E /* Frameworks */,
				E54228AB245318990018492E /* Resources */,
				E54228CA24544BF40018492E /* ShellScript */,
				E54228D8245459E60018492E /* Embed Frameworks */,
			);
			buildRules = (
			);
			dependencies = (
			);
			name = myBookShelf;
			productName = myBookShelf;
			productReference = E54228AD245318990018492E /* myBookShelf.app */;
			productType = "com.apple.product-type.application";
		};
/* End PBXNativeTarget section */

/* Begin PBXProject section */
		E54228A5245318990018492E /* Project object */ = {
			isa = PBXProject;
			attributes = {
				LastSwiftUpdateCheck = 1140;
				LastUpgradeCheck = 1140;
				ORGANIZATIONNAME = "仲里和也";
				TargetAttributes = {
					E54228AC245318990018492E = {
						CreatedOnToolsVersion = 11.4.1;
					};
				};
			};
			buildConfigurationList = E54228A8245318990018492E /* Build configuration list for PBXProject "myBookShelf" */;
			compatibilityVersion = "Xcode 9.3";
			developmentRegion = en;
			hasScannedForEncodings = 0;
			knownRegions = (
				en,
				Base,
				ja,
			);
			mainGroup = E54228A4245318990018492E;
			productRefGroup = E54228AE245318990018492E /* Products */;
			projectDirPath = "";
			projectRoot = "";
			targets = (
				E54228AC245318990018492E /* myBookShelf */,
			);
		};
/* End PBXProject section */

/* Begin PBXResourcesBuildPhase section */
		E54228AB245318990018492E /* Resources */ = {
			isa = PBXResourcesBuildPhase;
			buildActionMask = 2147483647;
			files = (
				E54228BA2453189E0018492E /* Assets.xcassets in Resources */,
				E54CB2352455D56500A392F8 /* Localizable.strings in Resources */,
			);
			runOnlyForDeploymentPostprocessing = 0;
		};
/* End PBXResourcesBuildPhase section */

/* Begin PBXShellScriptBuildPhase section */
		E54228CA24544BF40018492E /* ShellScript */ = {
			isa = PBXShellScriptBuildPhase;
			buildActionMask = 2147483647;
			files = (
			);
			inputFileListPaths = (
			);
			inputPaths = (
				"$(SRCROOT)/Carthage/Build/iOS/Realm.framework",
				"$(SRCROOT)/Carthage/Build/iOS/RealmSwift.framework",
			);
			outputFileListPaths = (
			);
			outputPaths = (
			);
			runOnlyForDeploymentPostprocessing = 0;
			shellPath = /bin/sh;
			shellScript = "/usr/local/bin/carthage copy-frameworks\n";
		};
/* End PBXShellScriptBuildPhase section */

/* Begin PBXSourcesBuildPhase section */
		E54228A9245318990018492E /* Sources */ = {
			isa = PBXSourcesBuildPhase;
			buildActionMask = 2147483647;
			files = (
				E5112A4324549FD900F578A5 /* RegisterView.swift in Sources */,
				E54228C724542C710018492E /* MainTabBarViewController.swift in Sources */,
				E54228B5245318990018492E /* SplashViewController.swift in Sources */,
				E54228DD2454997E0018492E /* MyBookRegisterViewController.swift in Sources */,
				E54228B1245318990018492E /* AppDelegate.swift in Sources */,
				E54228D524544D350018492E /* MyBook.swift in Sources */,
				E54228C924542DC50018492E /* WishListSearchViewController.swift in Sources */,
				E54228B3245318990018492E /* SceneDelegate.swift in Sources */,
				E54CB2332455CA5200A392F8 /* AlertUtil.swift in Sources */,
				E54228C52453370D0018492E /* MyBookSearchViewController.swift in Sources */,
			);
			runOnlyForDeploymentPostprocessing = 0;
		};
/* End PBXSourcesBuildPhase section */

/* Begin XCBuildConfiguration section */
		E54228BF2453189E0018492E /* Debug */ = {
			isa = XCBuildConfiguration;
			buildSettings = {
				ALWAYS_SEARCH_USER_PATHS = NO;
				CLANG_ANALYZER_NONNULL = YES;
				CLANG_ANALYZER_NUMBER_OBJECT_CONVERSION = YES_AGGRESSIVE;
				CLANG_CXX_LANGUAGE_STANDARD = "gnu++14";
				CLANG_CXX_LIBRARY = "libc++";
				CLANG_ENABLE_MODULES = YES;
				CLANG_ENABLE_OBJC_ARC = YES;
				CLANG_ENABLE_OBJC_WEAK = YES;
				CLANG_WARN_BLOCK_CAPTURE_AUTORELEASING = YES;
				CLANG_WARN_BOOL_CONVERSION = YES;
				CLANG_WARN_COMMA = YES;
				CLANG_WARN_CONSTANT_CONVERSION = YES;
				CLANG_WARN_DEPRECATED_OBJC_IMPLEMENTATIONS = YES;
				CLANG_WARN_DIRECT_OBJC_ISA_USAGE = YES_ERROR;
				CLANG_WARN_DOCUMENTATION_COMMENTS = YES;
				CLANG_WARN_EMPTY_BODY = YES;
				CLANG_WARN_ENUM_CONVERSION = YES;
				CLANG_WARN_INFINITE_RECURSION = YES;
				CLANG_WARN_INT_CONVERSION = YES;
				CLANG_WARN_NON_LITERAL_NULL_CONVERSION = YES;
				CLANG_WARN_OBJC_IMPLICIT_RETAIN_SELF = YES;
				CLANG_WARN_OBJC_LITERAL_CONVERSION = YES;
				CLANG_WARN_OBJC_ROOT_CLASS = YES_ERROR;
				CLANG_WARN_RANGE_LOOP_ANALYSIS = YES;
				CLANG_WARN_STRICT_PROTOTYPES = YES;
				CLANG_WARN_SUSPICIOUS_MOVE = YES;
				CLANG_WARN_UNGUARDED_AVAILABILITY = YES_AGGRESSIVE;
				CLANG_WARN_UNREACHABLE_CODE = YES;
				CLANG_WARN__DUPLICATE_METHOD_MATCH = YES;
				COPY_PHASE_STRIP = NO;
				DEBUG_INFORMATION_FORMAT = dwarf;
				ENABLE_STRICT_OBJC_MSGSEND = YES;
				ENABLE_TESTABILITY = YES;
				GCC_C_LANGUAGE_STANDARD = gnu11;
				GCC_DYNAMIC_NO_PIC = NO;
				GCC_NO_COMMON_BLOCKS = YES;
				GCC_OPTIMIZATION_LEVEL = 0;
				GCC_PREPROCESSOR_DEFINITIONS = (
					"DEBUG=1",
					"$(inherited)",
				);
				GCC_WARN_64_TO_32_BIT_CONVERSION = YES;
				GCC_WARN_ABOUT_RETURN_TYPE = YES_ERROR;
				GCC_WARN_UNDECLARED_SELECTOR = YES;
				GCC_WARN_UNINITIALIZED_AUTOS = YES_AGGRESSIVE;
				GCC_WARN_UNUSED_FUNCTION = YES;
				GCC_WARN_UNUSED_VARIABLE = YES;
				IPHONEOS_DEPLOYMENT_TARGET = 13.4;
				MTL_ENABLE_DEBUG_INFO = INCLUDE_SOURCE;
				MTL_FAST_MATH = YES;
				ONLY_ACTIVE_ARCH = YES;
				SDKROOT = iphoneos;
				SWIFT_ACTIVE_COMPILATION_CONDITIONS = DEBUG;
				SWIFT_OPTIMIZATION_LEVEL = "-Onone";
			};
			name = Debug;
		};
		E54228C02453189E0018492E /* Release */ = {
			isa = XCBuildConfiguration;
			buildSettings = {
				ALWAYS_SEARCH_USER_PATHS = NO;
				CLANG_ANALYZER_NONNULL = YES;
				CLANG_ANALYZER_NUMBER_OBJECT_CONVERSION = YES_AGGRESSIVE;
				CLANG_CXX_LANGUAGE_STANDARD = "gnu++14";
				CLANG_CXX_LIBRARY = "libc++";
				CLANG_ENABLE_MODULES = YES;
				CLANG_ENABLE_OBJC_ARC = YES;
				CLANG_ENABLE_OBJC_WEAK = YES;
				CLANG_WARN_BLOCK_CAPTURE_AUTORELEASING = YES;
				CLANG_WARN_BOOL_CONVERSION = YES;
				CLANG_WARN_COMMA = YES;
				CLANG_WARN_CONSTANT_CONVERSION = YES;
				CLANG_WARN_DEPRECATED_OBJC_IMPLEMENTATIONS = YES;
				CLANG_WARN_DIRECT_OBJC_ISA_USAGE = YES_ERROR;
				CLANG_WARN_DOCUMENTATION_COMMENTS = YES;
				CLANG_WARN_EMPTY_BODY = YES;
				CLANG_WARN_ENUM_CONVERSION = YES;
				CLANG_WARN_INFINITE_RECURSION = YES;
				CLANG_WARN_INT_CONVERSION = YES;
				CLANG_WARN_NON_LITERAL_NULL_CONVERSION = YES;
				CLANG_WARN_OBJC_IMPLICIT_RETAIN_SELF = YES;
				CLANG_WARN_OBJC_LITERAL_CONVERSION = YES;
				CLANG_WARN_OBJC_ROOT_CLASS = YES_ERROR;
				CLANG_WARN_RANGE_LOOP_ANALYSIS = YES;
				CLANG_WARN_STRICT_PROTOTYPES = YES;
				CLANG_WARN_SUSPICIOUS_MOVE = YES;
				CLANG_WARN_UNGUARDED_AVAILABILITY = YES_AGGRESSIVE;
				CLANG_WARN_UNREACHABLE_CODE = YES;
				CLANG_WARN__DUPLICATE_METHOD_MATCH = YES;
				COPY_PHASE_STRIP = NO;
				DEBUG_INFORMATION_FORMAT = "dwarf-with-dsym";
				ENABLE_NS_ASSERTIONS = NO;
				ENABLE_STRICT_OBJC_MSGSEND = YES;
				GCC_C_LANGUAGE_STANDARD = gnu11;
				GCC_NO_COMMON_BLOCKS = YES;
				GCC_WARN_64_TO_32_BIT_CONVERSION = YES;
				GCC_WARN_ABOUT_RETURN_TYPE = YES_ERROR;
				GCC_WARN_UNDECLARED_SELECTOR = YES;
				GCC_WARN_UNINITIALIZED_AUTOS = YES_AGGRESSIVE;
				GCC_WARN_UNUSED_FUNCTION = YES;
				GCC_WARN_UNUSED_VARIABLE = YES;
				IPHONEOS_DEPLOYMENT_TARGET = 13.4;
				MTL_ENABLE_DEBUG_INFO = NO;
				MTL_FAST_MATH = YES;
				SDKROOT = iphoneos;
				SWIFT_COMPILATION_MODE = wholemodule;
				SWIFT_OPTIMIZATION_LEVEL = "-O";
				VALIDATE_PRODUCT = YES;
			};
			name = Release;
		};
		E54228C22453189E0018492E /* Debug */ = {
			isa = XCBuildConfiguration;
			buildSettings = {
				ASSETCATALOG_COMPILER_APPICON_NAME = AppIcon;
				CODE_SIGN_STYLE = Automatic;
				DEVELOPMENT_TEAM = 9ZJH93GWP3;
				FRAMEWORK_SEARCH_PATHS = (
					"$(inherited)",
					"$(PROJECT_DIR)/Carthage/Build/iOS",
				);
				INFOPLIST_FILE = myBookShelf/Info.plist;
				LD_RUNPATH_SEARCH_PATHS = (
					"$(inherited)",
					"@executable_path/Frameworks",
				);
				PRODUCT_BUNDLE_IDENTIFIER = KazuyaNakazato.myBookShelf;
				PRODUCT_NAME = "$(TARGET_NAME)";
				SWIFT_VERSION = 5.0;
				TARGETED_DEVICE_FAMILY = "1,2";
			};
			name = Debug;
		};
		E54228C32453189E0018492E /* Release */ = {
			isa = XCBuildConfiguration;
			buildSettings = {
				ASSETCATALOG_COMPILER_APPICON_NAME = AppIcon;
				CODE_SIGN_STYLE = Automatic;
				DEVELOPMENT_TEAM = 9ZJH93GWP3;
				FRAMEWORK_SEARCH_PATHS = (
					"$(inherited)",
					"$(PROJECT_DIR)/Carthage/Build/iOS",
				);
				INFOPLIST_FILE = myBookShelf/Info.plist;
				LD_RUNPATH_SEARCH_PATHS = (
					"$(inherited)",
					"@executable_path/Frameworks",
				);
				PRODUCT_BUNDLE_IDENTIFIER = KazuyaNakazato.myBookShelf;
				PRODUCT_NAME = "$(TARGET_NAME)";
				SWIFT_VERSION = 5.0;
				TARGETED_DEVICE_FAMILY = "1,2";
			};
			name = Release;
		};
/* End XCBuildConfiguration section */

/* Begin XCConfigurationList section */
		E54228A8245318990018492E /* Build configuration list for PBXProject "myBookShelf" */ = {
			isa = XCConfigurationList;
			buildConfigurations = (
				E54228BF2453189E0018492E /* Debug */,
				E54228C02453189E0018492E /* Release */,
			);
			defaultConfigurationIsVisible = 0;
			defaultConfigurationName = Release;
		};
		E54228C12453189E0018492E /* Build configuration list for PBXNativeTarget "myBookShelf" */ = {
			isa = XCConfigurationList;
			buildConfigurations = (
				E54228C22453189E0018492E /* Debug */,
				E54228C32453189E0018492E /* Release */,
			);
			defaultConfigurationIsVisible = 0;
			defaultConfigurationName = Release;
		};
/* End XCConfigurationList section */
	};
	rootObject = E54228A5245318990018492E /* Project object */;
}
